// !$*UTF8*$!
{
	archiveVersion = 1;
	classes = {
	};
	objectVersion = 46;
	objects = {

/* Begin PBXBuildFile section */
		7CE0EC26FB5874FD3A88A056 /* Pods_rainyshinycloudy.framework in Frameworks */ = {isa = PBXBuildFile; fileRef = 98AE0DB971C6E4E3060D901A /* Pods_rainyshinycloudy.framework */; };
		C12745651E1AF295003BA800 /* AppDelegate.swift in Sources */ = {isa = PBXBuildFile; fileRef = C12745641E1AF295003BA800 /* AppDelegate.swift */; };
		C12745671E1AF295003BA800 /* WeatherVC.swift in Sources */ = {isa = PBXBuildFile; fileRef = C12745661E1AF295003BA800 /* WeatherVC.swift */; };
		C127456A1E1AF295003BA800 /* Main.storyboard in Resources */ = {isa = PBXBuildFile; fileRef = C12745681E1AF295003BA800 /* Main.storyboard */; };
		C127456C1E1AF295003BA800 /* Assets.xcassets in Resources */ = {isa = PBXBuildFile; fileRef = C127456B1E1AF295003BA800 /* Assets.xcassets */; };
		C127456F1E1AF295003BA800 /* LaunchScreen.storyboard in Resources */ = {isa = PBXBuildFile; fileRef = C127456D1E1AF295003BA800 /* LaunchScreen.storyboard */; };
		C127457A1E1AF295003BA800 /* rainyshinycloudyTests.swift in Sources */ = {isa = PBXBuildFile; fileRef = C12745791E1AF295003BA800 /* rainyshinycloudyTests.swift */; };
		C12745851E1AF295003BA800 /* rainyshinycloudyUITests.swift in Sources */ = {isa = PBXBuildFile; fileRef = C12745841E1AF295003BA800 /* rainyshinycloudyUITests.swift */; };
		C1A14C231E35B61A0029F7D5 /* Constants.swift in Sources */ = {isa = PBXBuildFile; fileRef = C1A14C221E35B61A0029F7D5 /* Constants.swift */; };
		C1A14C251E35B9040029F7D5 /* CurrentWeather.swift in Sources */ = {isa = PBXBuildFile; fileRef = C1A14C241E35B9040029F7D5 /* CurrentWeather.swift */; };
		C1A14C271E39A0220029F7D5 /* Forecast.swift in Sources */ = {isa = PBXBuildFile; fileRef = C1A14C261E39A0220029F7D5 /* Forecast.swift */; };
		C1A14C291E4434130029F7D5 /* WeatherCell.swift in Sources */ = {isa = PBXBuildFile; fileRef = C1A14C281E4434130029F7D5 /* WeatherCell.swift */; };
		C1A14C2B1E46C2AD0029F7D5 /* Location.swift in Sources */ = {isa = PBXBuildFile; fileRef = C1A14C2A1E46C2AD0029F7D5 /* Location.swift */; };
		C1A14C321E4984580029F7D5 /* DataDownload.swift in Sources */ = {isa = PBXBuildFile; fileRef = C1A14C311E4984580029F7D5 /* DataDownload.swift */; };
/* End PBXBuildFile section */

/* Begin PBXContainerItemProxy section */
		C12745761E1AF295003BA800 /* PBXContainerItemProxy */ = {
			isa = PBXContainerItemProxy;
			containerPortal = C12745591E1AF295003BA800 /* Project object */;
			proxyType = 1;
			remoteGlobalIDString = C12745601E1AF295003BA800;
			remoteInfo = rainyshinycloudy;
		};
		C12745811E1AF295003BA800 /* PBXContainerItemProxy */ = {
			isa = PBXContainerItemProxy;
			containerPortal = C12745591E1AF295003BA800 /* Project object */;
			proxyType = 1;
			remoteGlobalIDString = C12745601E1AF295003BA800;
			remoteInfo = rainyshinycloudy;
		};
/* End PBXContainerItemProxy section */

/* Begin PBXFileReference section */
		98AE0DB971C6E4E3060D901A /* Pods_rainyshinycloudy.framework */ = {isa = PBXFileReference; explicitFileType = wrapper.framework; includeInIndex = 0; path = Pods_rainyshinycloudy.framework; sourceTree = BUILT_PRODUCTS_DIR; };
		AB76446BD63A0181D8E0EC96 /* Pods-rainyshinycloudy.release.xcconfig */ = {isa = PBXFileReference; includeInIndex = 1; lastKnownFileType = text.xcconfig; name = "Pods-rainyshinycloudy.release.xcconfig"; path = "Pods/Target Support Files/Pods-rainyshinycloudy/Pods-rainyshinycloudy.release.xcconfig"; sourceTree = "<group>"; };
		C12745611E1AF295003BA800 /* rainyshinycloudy.app */ = {isa = PBXFileReference; explicitFileType = wrapper.application; includeInIndex = 0; path = rainyshinycloudy.app; sourceTree = BUILT_PRODUCTS_DIR; };
		C12745641E1AF295003BA800 /* AppDelegate.swift */ = {isa = PBXFileReference; lastKnownFileType = sourcecode.swift; path = AppDelegate.swift; sourceTree = "<group>"; };
		C12745661E1AF295003BA800 /* WeatherVC.swift */ = {isa = PBXFileReference; lastKnownFileType = sourcecode.swift; path = WeatherVC.swift; sourceTree = "<group>"; };
		C12745691E1AF295003BA800 /* Base */ = {isa = PBXFileReference; lastKnownFileType = file.storyboard; name = Base; path = Base.lproj/Main.storyboard; sourceTree = "<group>"; };
		C127456B1E1AF295003BA800 /* Assets.xcassets */ = {isa = PBXFileReference; lastKnownFileType = folder.assetcatalog; path = Assets.xcassets; sourceTree = "<group>"; };
		C127456E1E1AF295003BA800 /* Base */ = {isa = PBXFileReference; lastKnownFileType = file.storyboard; name = Base; path = Base.lproj/LaunchScreen.storyboard; sourceTree = "<group>"; };
		C12745701E1AF295003BA800 /* Info.plist */ = {isa = PBXFileReference; lastKnownFileType = text.plist.xml; path = Info.plist; sourceTree = "<group>"; };
		C12745751E1AF295003BA800 /* rainyshinycloudyTests.xctest */ = {isa = PBXFileReference; explicitFileType = wrapper.cfbundle; includeInIndex = 0; path = rainyshinycloudyTests.xctest; sourceTree = BUILT_PRODUCTS_DIR; };
		C12745791E1AF295003BA800 /* rainyshinycloudyTests.swift */ = {isa = PBXFileReference; lastKnownFileType = sourcecode.swift; path = rainyshinycloudyTests.swift; sourceTree = "<group>"; };
		C127457B1E1AF295003BA800 /* Info.plist */ = {isa = PBXFileReference; lastKnownFileType = text.plist.xml; path = Info.plist; sourceTree = "<group>"; };
		C12745801E1AF295003BA800 /* rainyshinycloudyUITests.xctest */ = {isa = PBXFileReference; explicitFileType = wrapper.cfbundle; includeInIndex = 0; path = rainyshinycloudyUITests.xctest; sourceTree = BUILT_PRODUCTS_DIR; };
		C12745841E1AF295003BA800 /* rainyshinycloudyUITests.swift */ = {isa = PBXFileReference; lastKnownFileType = sourcecode.swift; path = rainyshinycloudyUITests.swift; sourceTree = "<group>"; };
		C12745861E1AF295003BA800 /* Info.plist */ = {isa = PBXFileReference; lastKnownFileType = text.plist.xml; path = Info.plist; sourceTree = "<group>"; };
		C1A14C221E35B61A0029F7D5 /* Constants.swift */ = {isa = PBXFileReference; fileEncoding = 4; lastKnownFileType = sourcecode.swift; path = Constants.swift; sourceTree = "<group>"; };
		C1A14C241E35B9040029F7D5 /* CurrentWeather.swift */ = {isa = PBXFileReference; fileEncoding = 4; lastKnownFileType = sourcecode.swift; path = CurrentWeather.swift; sourceTree = "<group>"; };
		C1A14C261E39A0220029F7D5 /* Forecast.swift */ = {isa = PBXFileReference; fileEncoding = 4; lastKnownFileType = sourcecode.swift; path = Forecast.swift; sourceTree = "<group>"; };
		C1A14C281E4434130029F7D5 /* WeatherCell.swift */ = {isa = PBXFileReference; fileEncoding = 4; lastKnownFileType = sourcecode.swift; path = WeatherCell.swift; sourceTree = "<group>"; };
		C1A14C2A1E46C2AD0029F7D5 /* Location.swift */ = {isa = PBXFileReference; fileEncoding = 4; lastKnownFileType = sourcecode.swift; path = Location.swift; sourceTree = "<group>"; };
		C1A14C311E4984580029F7D5 /* DataDownload.swift */ = {isa = PBXFileReference; fileEncoding = 4; lastKnownFileType = sourcecode.swift; path = DataDownload.swift; sourceTree = "<group>"; };
		C52B2A0556FF602183DF7A59 /* Pods-rainyshinycloudy.debug.xcconfig */ = {isa = PBXFileReference; includeInIndex = 1; lastKnownFileType = text.xcconfig; name = "Pods-rainyshinycloudy.debug.xcconfig"; path = "Pods/Target Support Files/Pods-rainyshinycloudy/Pods-rainyshinycloudy.debug.xcconfig"; sourceTree = "<group>"; };
/* End PBXFileReference section */

/* Begin PBXFrameworksBuildPhase section */
		C127455E1E1AF295003BA800 /* Frameworks */ = {
			isa = PBXFrameworksBuildPhase;
			buildActionMask = 2147483647;
			files = (
				7CE0EC26FB5874FD3A88A056 /* Pods_rainyshinycloudy.framework in Frameworks */,
			);
			runOnlyForDeploymentPostprocessing = 0;
		};
		C12745721E1AF295003BA800 /* Frameworks */ = {
			isa = PBXFrameworksBuildPhase;
			buildActionMask = 2147483647;
			files = (
			);
			runOnlyForDeploymentPostprocessing = 0;
		};
		C127457D1E1AF295003BA800 /* Frameworks */ = {
			isa = PBXFrameworksBuildPhase;
			buildActionMask = 2147483647;
			files = (
			);
			runOnlyForDeploymentPostprocessing = 0;
		};
/* End PBXFrameworksBuildPhase section */

/* Begin PBXGroup section */
		1F12DFF6CF1FE20E9C748849 /* Frameworks */ = {
			isa = PBXGroup;
			children = (
				98AE0DB971C6E4E3060D901A /* Pods_rainyshinycloudy.framework */,
			);
			name = Frameworks;
			sourceTree = "<group>";
		};
		5075D329F467696968B531D4 /* Pods */ = {
			isa = PBXGroup;
			children = (
				C52B2A0556FF602183DF7A59 /* Pods-rainyshinycloudy.debug.xcconfig */,
				AB76446BD63A0181D8E0EC96 /* Pods-rainyshinycloudy.release.xcconfig */,
			);
			name = Pods;
			sourceTree = "<group>";
		};
		C12745581E1AF295003BA800 = {
			isa = PBXGroup;
			children = (
				C12745631E1AF295003BA800 /* rainyshinycloudy */,
				C12745781E1AF295003BA800 /* rainyshinycloudyTests */,
				C12745831E1AF295003BA800 /* rainyshinycloudyUITests */,
				C12745621E1AF295003BA800 /* Products */,
				5075D329F467696968B531D4 /* Pods */,
				1F12DFF6CF1FE20E9C748849 /* Frameworks */,
			);
			sourceTree = "<group>";
		};
		C12745621E1AF295003BA800 /* Products */ = {
			isa = PBXGroup;
			children = (
				C12745611E1AF295003BA800 /* rainyshinycloudy.app */,
				C12745751E1AF295003BA800 /* rainyshinycloudyTests.xctest */,
				C12745801E1AF295003BA800 /* rainyshinycloudyUITests.xctest */,
			);
			name = Products;
			sourceTree = "<group>";
		};
		C12745631E1AF295003BA800 /* rainyshinycloudy */ = {
			isa = PBXGroup;
			children = (
				C1A14C2E1E46D9870029F7D5 /* Model */,
				C1A14C2D1E46D97F0029F7D5 /* View */,
				C1A14C2C1E46D9650029F7D5 /* Controller */,
				C12745641E1AF295003BA800 /* AppDelegate.swift */,
				C12745681E1AF295003BA800 /* Main.storyboard */,
				C127456B1E1AF295003BA800 /* Assets.xcassets */,
				C127456D1E1AF295003BA800 /* LaunchScreen.storyboard */,
				C12745701E1AF295003BA800 /* Info.plist */,
			);
			path = rainyshinycloudy;
			sourceTree = "<group>";
		};
		C12745781E1AF295003BA800 /* rainyshinycloudyTests */ = {
			isa = PBXGroup;
			children = (
				C12745791E1AF295003BA800 /* rainyshinycloudyTests.swift */,
				C127457B1E1AF295003BA800 /* Info.plist */,
			);
			path = rainyshinycloudyTests;
			sourceTree = "<group>";
		};
		C12745831E1AF295003BA800 /* rainyshinycloudyUITests */ = {
			isa = PBXGroup;
			children = (
				C12745841E1AF295003BA800 /* rainyshinycloudyUITests.swift */,
				C12745861E1AF295003BA800 /* Info.plist */,
			);
			path = rainyshinycloudyUITests;
			sourceTree = "<group>";
		};
		C1A14C2C1E46D9650029F7D5 /* Controller */ = {
			isa = PBXGroup;
			children = (
				C12745661E1AF295003BA800 /* WeatherVC.swift */,
			);
			name = Controller;
			sourceTree = "<group>";
		};
		C1A14C2D1E46D97F0029F7D5 /* View */ = {
			isa = PBXGroup;
			children = (
				C1A14C281E4434130029F7D5 /* WeatherCell.swift */,
			);
			name = View;
			sourceTree = "<group>";
		};
		C1A14C2E1E46D9870029F7D5 /* Model */ = {
			isa = PBXGroup;
			children = (
				C1A14C241E35B9040029F7D5 /* CurrentWeather.swift */,
				C1A14C261E39A0220029F7D5 /* Forecast.swift */,
				C1A14C2A1E46C2AD0029F7D5 /* Location.swift */,
				C1A14C221E35B61A0029F7D5 /* Constants.swift */,
				C1A14C311E4984580029F7D5 /* DataDownload.swift */,
			);
			name = Model;
			sourceTree = "<group>";
		};
/* End PBXGroup section */

/* Begin PBXNativeTarget section */
		C12745601E1AF295003BA800 /* rainyshinycloudy */ = {
			isa = PBXNativeTarget;
			buildConfigurationList = C12745891E1AF295003BA800 /* Build configuration list for PBXNativeTarget "rainyshinycloudy" */;
			buildPhases = (
				02811720DABF69BA5E03EE11 /* [CP] Check Pods Manifest.lock */,
				C127455D1E1AF295003BA800 /* Sources */,
				C127455E1E1AF295003BA800 /* Frameworks */,
				C127455F1E1AF295003BA800 /* Resources */,
				14D6FBFDBE142A2A0BCE6074 /* [CP] Embed Pods Frameworks */,
				F7DBD42F6166B6E48A60EE59 /* [CP] Copy Pods Resources */,
			);
			buildRules = (
			);
			dependencies = (
			);
			name = rainyshinycloudy;
			productName = rainyshinycloudy;
			productReference = C12745611E1AF295003BA800 /* rainyshinycloudy.app */;
			productType = "com.apple.product-type.application";
		};
		C12745741E1AF295003BA800 /* rainyshinycloudyTests */ = {
			isa = PBXNativeTarget;
			buildConfigurationList = C127458C1E1AF295003BA800 /* Build configuration list for PBXNativeTarget "rainyshinycloudyTests" */;
			buildPhases = (
				C12745711E1AF295003BA800 /* Sources */,
				C12745721E1AF295003BA800 /* Frameworks */,
				C12745731E1AF295003BA800 /* Resources */,
			);
			buildRules = (
			);
			dependencies = (
				C12745771E1AF295003BA800 /* PBXTargetDependency */,
			);
			name = rainyshinycloudyTests;
			productName = rainyshinycloudyTests;
			productReference = C12745751E1AF295003BA800 /* rainyshinycloudyTests.xctest */;
			productType = "com.apple.product-type.bundle.unit-test";
		};
		C127457F1E1AF295003BA800 /* rainyshinycloudyUITests */ = {
			isa = PBXNativeTarget;
			buildConfigurationList = C127458F1E1AF295003BA800 /* Build configuration list for PBXNativeTarget "rainyshinycloudyUITests" */;
			buildPhases = (
				C127457C1E1AF295003BA800 /* Sources */,
				C127457D1E1AF295003BA800 /* Frameworks */,
				C127457E1E1AF295003BA800 /* Resources */,
			);
			buildRules = (
			);
			dependencies = (
				C12745821E1AF295003BA800 /* PBXTargetDependency */,
			);
			name = rainyshinycloudyUITests;
			productName = rainyshinycloudyUITests;
			productReference = C12745801E1AF295003BA800 /* rainyshinycloudyUITests.xctest */;
			productType = "com.apple.product-type.bundle.ui-testing";
		};
/* End PBXNativeTarget section */

/* Begin PBXProject section */
		C12745591E1AF295003BA800 /* Project object */ = {
			isa = PBXProject;
			attributes = {
				LastSwiftUpdateCheck = 0820;
				LastUpgradeCheck = 0820;
				ORGANIZATIONNAME = "Grandon Lin";
				TargetAttributes = {
					C12745601E1AF295003BA800 = {
						CreatedOnToolsVersion = 8.2.1;
						DevelopmentTeam = UM5SX26C6N;
						ProvisioningStyle = Automatic;
					};
					C12745741E1AF295003BA800 = {
						CreatedOnToolsVersion = 8.2.1;
						DevelopmentTeam = UM5SX26C6N;
						ProvisioningStyle = Automatic;
						TestTargetID = C12745601E1AF295003BA800;
					};
					C127457F1E1AF295003BA800 = {
						CreatedOnToolsVersion = 8.2.1;
						DevelopmentTeam = UM5SX26C6N;
						ProvisioningStyle = Automatic;
						TestTargetID = C12745601E1AF295003BA800;
					};
				};
			};
			buildConfigurationList = C127455C1E1AF295003BA800 /* Build configuration list for PBXProject "rainyshinycloudy" */;
			compatibilityVersion = "Xcode 3.2";
			developmentRegion = English;
			hasScannedForEncodings = 0;
			knownRegions = (
				en,
				Base,
			);
			mainGroup = C12745581E1AF295003BA800;
			productRefGroup = C12745621E1AF295003BA800 /* Products */;
			projectDirPath = "";
			projectRoot = "";
			targets = (
				C12745601E1AF295003BA800 /* rainyshinycloudy */,
				C12745741E1AF295003BA800 /* rainyshinycloudyTests */,
				C127457F1E1AF295003BA800 /* rainyshinycloudyUITests */,
			);
		};
/* End PBXProject section */

/* Begin PBXResourcesBuildPhase section */
		C127455F1E1AF295003BA800 /* Resources */ = {
			isa = PBXResourcesBuildPhase;
			buildActionMask = 2147483647;
			files = (
				C127456F1E1AF295003BA800 /* LaunchScreen.storyboard in Resources */,
				C127456C1E1AF295003BA800 /* Assets.xcassets in Resources */,
				C127456A1E1AF295003BA800 /* Main.storyboard in Resources */,
			);
			runOnlyForDeploymentPostprocessing = 0;
		};
		C12745731E1AF295003BA800 /* Resources */ = {
			isa = PBXResourcesBuildPhase;
			buildActionMask = 2147483647;
			files = (
			);
			runOnlyForDeploymentPostprocessing = 0;
		};
		C127457E1E1AF295003BA800 /* Resources */ = {
			isa = PBXResourcesBuildPhase;
			buildActionMask = 2147483647;
			files = (
			);
			runOnlyForDeploymentPostprocessing = 0;
		};
/* End PBXResourcesBuildPhase section */

/* Begin PBXShellScriptBuildPhase section */
		02811720DABF69BA5E03EE11 /* [CP] Check Pods Manifest.lock */ = {
			isa = PBXShellScriptBuildPhase;
			buildActionMask = 2147483647;
			files = (
			);
			inputPaths = (
			);
			name = "[CP] Check Pods Manifest.lock";
			outputPaths = (
			);
			runOnlyForDeploymentPostprocessing = 0;
			shellPath = /bin/sh;
			shellScript = "diff \"${PODS_ROOT}/../Podfile.lock\" \"${PODS_ROOT}/Manifest.lock\" > /dev/null\nif [ $? != 0 ] ; then\n    # print error to STDERR\n    echo \"error: The sandbox is not in sync with the Podfile.lock. Run 'pod install' or update your CocoaPods installation.\" >&2\n    exit 1\nfi\n";
			showEnvVarsInLog = 0;
		};
		14D6FBFDBE142A2A0BCE6074 /* [CP] Embed Pods Frameworks */ = {
			isa = PBXShellScriptBuildPhase;
			buildActionMask = 2147483647;
			files = (
			);
			inputPaths = (
			);
			name = "[CP] Embed Pods Frameworks";
			outputPaths = (
			);
			runOnlyForDeploymentPostprocessing = 0;
			shellPath = /bin/sh;
			shellScript = "\"${SRCROOT}/Pods/Target Support Files/Pods-rainyshinycloudy/Pods-rainyshinycloudy-frameworks.sh\"\n";
			showEnvVarsInLog = 0;
		};
		F7DBD42F6166B6E48A60EE59 /* [CP] Copy Pods Resources */ = {
			isa = PBXShellScriptBuildPhase;
			buildActionMask = 2147483647;
			files = (
			);
			inputPaths = (
			);
			name = "[CP] Copy Pods Resources";
			outputPaths = (
			);
			runOnlyForDeploymentPostprocessing = 0;
			shellPath = /bin/sh;
			shellScript = "\"${SRCROOT}/Pods/Target Support Files/Pods-rainyshinycloudy/Pods-rainyshinycloudy-resources.sh\"\n";
			showEnvVarsInLog = 0;
		};
/* End PBXShellScriptBuildPhase section */

/* Begin PBXSourcesBuildPhase section */
		C127455D1E1AF295003BA800 /* Sources */ = {
			isa = PBXSourcesBuildPhase;
			buildActionMask = 2147483647;
			files = (
				C12745671E1AF295003BA800 /* WeatherVC.swift in Sources */,
				C12745651E1AF295003BA800 /* AppDelegate.swift in Sources */,
				C1A14C291E4434130029F7D5 /* WeatherCell.swift in Sources */,
				C1A14C251E35B9040029F7D5 /* CurrentWeather.swift in Sources */,
				C1A14C231E35B61A0029F7D5 /* Constants.swift in Sources */,
				C1A14C271E39A0220029F7D5 /* Forecast.swift in Sources */,
				C1A14C2B1E46C2AD0029F7D5 /* Location.swift in Sources */,
				C1A14C321E4984580029F7D5 /* DataDownload.swift in Sources */,
			);
			runOnlyForDeploymentPostprocessing = 0;
		};
		C12745711E1AF295003BA800 /* Sources */ = {
			isa = PBXSourcesBuildPhase;
			buildActionMask = 2147483647;
			files = (
				C127457A1E1AF295003BA800 /* rainyshinycloudyTests.swift in Sources */,
			);
			runOnlyForDeploymentPostprocessing = 0;
		};
		C127457C1E1AF295003BA800 /* Sources */ = {
			isa = PBXSourcesBuildPhase;
			buildActionMask = 2147483647;
			files = (
				C12745851E1AF295003BA800 /* rainyshinycloudyUITests.swift in Sources */,
			);
			runOnlyForDeploymentPostprocessing = 0;
		};
/* End PBXSourcesBuildPhase section */

/* Begin PBXTargetDependency section */
		C12745771E1AF295003BA800 /* PBXTargetDependency */ = {
			isa = PBXTargetDependency;
			target = C12745601E1AF295003BA800 /* rainyshinycloudy */;
			targetProxy = C12745761E1AF295003BA800 /* PBXContainerItemProxy */;
		};
		C12745821E1AF295003BA800 /* PBXTargetDependency */ = {
			isa = PBXTargetDependency;
			target = C12745601E1AF295003BA800 /* rainyshinycloudy */;
			targetProxy = C12745811E1AF295003BA800 /* PBXContainerItemProxy */;
		};
/* End PBXTargetDependency section */

/* Begin PBXVariantGroup section */
		C12745681E1AF295003BA800 /* Main.storyboard */ = {
			isa = PBXVariantGroup;
			children = (
				C12745691E1AF295003BA800 /* Base */,
			);
			name = Main.storyboard;
			sourceTree = "<group>";
		};
		C127456D1E1AF295003BA800 /* LaunchScreen.storyboard */ = {
			isa = PBXVariantGroup;
			children = (
				C127456E1E1AF295003BA800 /* Base */,
			);
			name = LaunchScreen.storyboard;
			sourceTree = "<group>";
		};
/* End PBXVariantGroup section */

/* Begin XCBuildConfiguration section */
		C12745871E1AF295003BA800 /* Debug */ = {
			isa = XCBuildConfiguration;
			buildSettings = {
				ALWAYS_SEARCH_USER_PATHS = NO;
				CLANG_ANALYZER_NONNULL = YES;
				CLANG_CXX_LANGUAGE_STANDARD = "gnu++0x";
				CLANG_CXX_LIBRARY = "libc++";
				CLANG_ENABLE_MODULES = YES;
				CLANG_ENABLE_OBJC_ARC = YES;
				CLANG_WARN_BOOL_CONVERSION = YES;
				CLANG_WARN_CONSTANT_CONVERSION = YES;
				CLANG_WARN_DIRECT_OBJC_ISA_USAGE = YES_ERROR;
				CLANG_WARN_DOCUMENTATION_COMMENTS = YES;
				CLANG_WARN_EMPTY_BODY = YES;
				CLANG_WARN_ENUM_CONVERSION = YES;
				CLANG_WARN_INFINITE_RECURSION = YES;
				CLANG_WARN_INT_CONVERSION = YES;
				CLANG_WARN_OBJC_ROOT_CLASS = YES_ERROR;
				CLANG_WARN_SUSPICIOUS_MOVE = YES;
				CLANG_WARN_UNREACHABLE_CODE = YES;
				CLANG_WARN__DUPLICATE_METHOD_MATCH = YES;
				"CODE_SIGN_IDENTITY[sdk=iphoneos*]" = "iPhone Developer";
				COPY_PHASE_STRIP = NO;
				DEBUG_INFORMATION_FORMAT = dwarf;
				ENABLE_STRICT_OBJC_MSGSEND = YES;
				ENABLE_TESTABILITY = YES;
				GCC_C_LANGUAGE_STANDARD = gnu99;
				GCC_DYNAMIC_NO_PIC = NO;
				GCC_NO_COMMON_BLOCKS = YES;
				GCC_OPTIMIZATION_LEVEL = 0;
				GCC_PREPROCESSOR_DEFINITIONS = (
					"DEBUG=1",
					"$(inherited)",
				);
				GCC_WARN_64_TO_32_BIT_CONVERSION = YES;
				GCC_WARN_ABOUT_RETURN_TYPE = YES_ERROR;
				GCC_WARN_UNDECLARED_SELECTOR = YES;
				GCC_WARN_UNINITIALIZED_AUTOS = YES_AGGRESSIVE;
				GCC_WARN_UNUSED_FUNCTION = YES;
				GCC_WARN_UNUSED_VARIABLE = YES;
				IPHONEOS_DEPLOYMENT_TARGET = 10.2;
				MTL_ENABLE_DEBUG_INFO = YES;
				ONLY_ACTIVE_ARCH = YES;
				SDKROOT = iphoneos;
				SWIFT_ACTIVE_COMPILATION_CONDITIONS = DEBUG;
				SWIFT_OPTIMIZATION_LEVEL = "-Onone";
				TARGETED_DEVICE_FAMILY = "1,2";
			};
			name = Debug;
		};
		C12745881E1AF295003BA800 /* Release */ = {
			isa = XCBuildConfiguration;
			buildSettings = {
				ALWAYS_SEARCH_USER_PATHS = NO;
				CLANG_ANALYZER_NONNULL = YES;
				CLANG_CXX_LANGUAGE_STANDARD = "gnu++0x";
				CLANG_CXX_LIBRARY = "libc++";
				CLANG_ENABLE_MODULES = YES;
				CLANG_ENABLE_OBJC_ARC = YES;
				CLANG_WARN_BOOL_CONVERSION = YES;
				CLANG_WARN_CONSTANT_CONVERSION = YES;
				CLANG_WARN_DIRECT_OBJC_ISA_USAGE = YES_ERROR;
				CLANG_WARN_DOCUMENTATION_COMMENTS = YES;
				CLANG_WARN_EMPTY_BODY = YES;
				CLANG_WARN_ENUM_CONVERSION = YES;
				CLANG_WARN_INFINITE_RECURSION = YES;
				CLANG_WARN_INT_CONVERSION = YES;
				CLANG_WARN_OBJC_ROOT_CLASS = YES_ERROR;
				CLANG_WARN_SUSPICIOUS_MOVE = YES;
				CLANG_WARN_UNREACHABLE_CODE = YES;
				CLANG_WARN__DUPLICATE_METHOD_MATCH = YES;
				"CODE_SIGN_IDENTITY[sdk=iphoneos*]" = "iPhone Developer";
				COPY_PHASE_STRIP = NO;
				DEBUG_INFORMATION_FORMAT = "dwarf-with-dsym";
				ENABLE_NS_ASSERTIONS = NO;
				ENABLE_STRICT_OBJC_MSGSEND = YES;
				GCC_C_LANGUAGE_STANDARD = gnu99;
				GCC_NO_COMMON_BLOCKS = YES;
				GCC_WARN_64_TO_32_BIT_CONVERSION = YES;
				GCC_WARN_ABOUT_RETURN_TYPE = YES_ERROR;
				GCC_WARN_UNDECLARED_SELECTOR = YES;
				GCC_WARN_UNINITIALIZED_AUTOS = YES_AGGRESSIVE;
				GCC_WARN_UNUSED_FUNCTION = YES;
				GCC_WARN_UNUSED_VARIABLE = YES;
				IPHONEOS_DEPLOYMENT_TARGET = 10.2;
				MTL_ENABLE_DEBUG_INFO = NO;
				SDKROOT = iphoneos;
				SWIFT_OPTIMIZATION_LEVEL = "-Owholemodule";
				TARGETED_DEVICE_FAMILY = "1,2";
				VALIDATE_PRODUCT = YES;
			};
			name = Release;
		};
		C127458A1E1AF295003BA800 /* Debug */ = {
			isa = XCBuildConfiguration;
			baseConfigurationReference = C52B2A0556FF602183DF7A59 /* Pods-rainyshinycloudy.debug.xcconfig */;
			buildSettings = {
				ASSETCATALOG_COMPILER_APPICON_NAME = AppIcon;
				DEVELOPMENT_TEAM = UM5SX26C6N;
				INFOPLIST_FILE = rainyshinycloudy/Info.plist;
				LD_RUNPATH_SEARCH_PATHS = "$(inherited) @executable_path/Frameworks";
				PRODUCT_BUNDLE_IDENTIFIER = com.example.rainyshinycloudy;
				PRODUCT_NAME = "$(TARGET_NAME)";
				SWIFT_VERSION = 3.0;
			};
			name = Debug;
		};
		C127458B1E1AF295003BA800 /* Release */ = {
			isa = XCBuildConfiguration;
			baseConfigurationReference = AB76446BD63A0181D8E0EC96 /* Pods-rainyshinycloudy.release.xcconfig */;
			buildSettings = {
				ASSETCATALOG_COMPILER_APPICON_NAME = AppIcon;
				DEVELOPMENT_TEAM = UM5SX26C6N;
				INFOPLIST_FILE = rainyshinycloudy/Info.plist;
				LD_RUNPATH_SEARCH_PATHS = "$(inherited) @executable_path/Frameworks";
				PRODUCT_BUNDLE_IDENTIFIER = com.example.rainyshinycloudy;
				PRODUCT_NAME = "$(TARGET_NAME)";
				SWIFT_VERSION = 3.0;
			};
			name = Release;
		};
		C127458D1E1AF295003BA800 /* Debug */ = {
			isa = XCBuildConfiguration;
			buildSettings = {
				ALWAYS_EMBED_SWIFT_STANDARD_LIBRARIES = YES;
				BUNDLE_LOADER = "$(TEST_HOST)";
				DEVELOPMENT_TEAM = UM5SX26C6N;
				INFOPLIST_FILE = rainyshinycloudyTests/Info.plist;
				LD_RUNPATH_SEARCH_PATHS = "$(inherited) @executable_path/Frameworks @loader_path/Frameworks";
				PRODUCT_BUNDLE_IDENTIFIER = com.example.rainyshinycloudyTests;
				PRODUCT_NAME = "$(TARGET_NAME)";
				SWIFT_VERSION = 3.0;
				TEST_HOST = "$(BUILT_PRODUCTS_DIR)/rainyshinycloudy.app/rainyshinycloudy";
			};
			name = Debug;
		};
		C127458E1E1AF295003BA800 /* Release */ = {
			isa = XCBuildConfiguration;
			buildSettings = {
				ALWAYS_EMBED_SWIFT_STANDARD_LIBRARIES = YES;
				BUNDLE_LOADER = "$(TEST_HOST)";
				DEVELOPMENT_TEAM = UM5SX26C6N;
				INFOPLIST_FILE = rainyshinycloudyTests/Info.plist;
				LD_RUNPATH_SEARCH_PATHS = "$(inherited) @executable_path/Frameworks @loader_path/Frameworks";
				PRODUCT_BUNDLE_IDENTIFIER = com.example.rainyshinycloudyTests;
				PRODUCT_NAME = "$(TARGET_NAME)";
				SWIFT_VERSION = 3.0;
				TEST_HOST = "$(BUILT_PRODUCTS_DIR)/rainyshinycloudy.app/rainyshinycloudy";
			};
			name = Release;
		};
		C12745901E1AF295003BA800 /* Debug */ = {
			isa = XCBuildConfiguration;
			buildSettings = {
				ALWAYS_EMBED_SWIFT_STANDARD_LIBRARIES = YES;
				DEVELOPMENT_TEAM = UM5SX26C6N;
				INFOPLIST_FILE = rainyshinycloudyUITests/Info.plist;
				LD_RUNPATH_SEARCH_PATHS = "$(inherited) @executable_path/Frameworks @loader_path/Frameworks";
				PRODUCT_BUNDLE_IDENTIFIER = com.example.rainyshinycloudyUITests;
				PRODUCT_NAME = "$(TARGET_NAME)";
				SWIFT_VERSION = 3.0;
				TEST_TARGET_NAME = rainyshinycloudy;
			};
			name = Debug;
		};
		C12745911E1AF295003BA800 /* Release */ = {
			isa = XCBuildConfiguration;
			buildSettings = {
				ALWAYS_EMBED_SWIFT_STANDARD_LIBRARIES = YES;
				DEVELOPMENT_TEAM = UM5SX26C6N;
				INFOPLIST_FILE = rainyshinycloudyUITests/Info.plist;
				LD_RUNPATH_SEARCH_PATHS = "$(inherited) @executable_path/Frameworks @loader_path/Frameworks";
				PRODUCT_BUNDLE_IDENTIFIER = com.example.rainyshinycloudyUITests;
				PRODUCT_NAME = "$(TARGET_NAME)";
				SWIFT_VERSION = 3.0;
				TEST_TARGET_NAME = rainyshinycloudy;
			};
			name = Release;
		};
/* End XCBuildConfiguration section */

/* Begin XCConfigurationList section */
		C127455C1E1AF295003BA800 /* Build configuration list for PBXProject "rainyshinycloudy" */ = {
			isa = XCConfigurationList;
			buildConfigurations = (
				C12745871E1AF295003BA800 /* Debug */,
				C12745881E1AF295003BA800 /* Release */,
			);
			defaultConfigurationIsVisible = 0;
			defaultConfigurationName = Release;
		};
		C12745891E1AF295003BA800 /* Build configuration list for PBXNativeTarget "rainyshinycloudy" */ = {
			isa = XCConfigurationList;
			buildConfigurations = (
				C127458A1E1AF295003BA800 /* Debug */,
				C127458B1E1AF295003BA800 /* Release */,
			);
			defaultConfigurationIsVisible = 0;
			defaultConfigurationName = Release;
		};
		C127458C1E1AF295003BA800 /* Build configuration list for PBXNativeTarget "rainyshinycloudyTests" */ = {
			isa = XCConfigurationList;
			buildConfigurations = (
				C127458D1E1AF295003BA800 /* Debug */,
				C127458E1E1AF295003BA800 /* Release */,
			);
			defaultConfigurationIsVisible = 0;
			defaultConfigurationName = Release;
		};
		C127458F1E1AF295003BA800 /* Build configuration list for PBXNativeTarget "rainyshinycloudyUITests" */ = {
			isa = XCConfigurationList;
			buildConfigurations = (
				C12745901E1AF295003BA800 /* Debug */,
				C12745911E1AF295003BA800 /* Release */,
			);
			defaultConfigurationIsVisible = 0;
			defaultConfigurationName = Release;
		};
/* End XCConfigurationList section */
	};
	rootObject = C12745591E1AF295003BA800 /* Project object */;
}
